# This file was autogenerated by Stack.
# You should not edit this file by hand.
# For more information, please see the documentation at:
#   https://docs.haskellstack.org/en/stable/lock_files

packages:
- completed:
    hackage: chassis-0.0.1.0@sha256:e52ca1cc2bd0787e09bae5404be9092cab23d191ce8bb907f48ea5148b003069,1008
    pantry-tree:
      size: 260
      sha256: 2583e90542e527ff3868f28b74332d82a057781acb4b7035713278c8836e9dcc
  original:
    hackage: chassis-0.0.1.0@sha256:e52ca1cc2bd0787e09bae5404be9092cab23d191ce8bb907f48ea5148b003069,1008
- completed:
    hackage: Cabal-3.0.2.0@sha256:f45ee078a8529d1ad3993767345ac83304c7f2ff5eec02c455a1dc200ad22c67,26714
    pantry-tree:
      size: 40207
      sha256: 653461a4e58b10a6ef9d6ed5e07b1f8839ed46b4673133ecbe3899a48d6b983b
  original:
    hackage: Cabal-3.0.2.0@sha256:f45ee078a8529d1ad3993767345ac83304c7f2ff5eec02c455a1dc200ad22c67,26714
- completed:
    hackage: co-log-polysemy-0.0.1.2@sha256:a6ea6103f5ca806dc16bcdbb666ee2ebafdbbf36a9626f33103105a41a55d561,3645
    pantry-tree:
      size: 400
      sha256: 56ddcbaf126c9e557d7e1336c6d1a9044567676dcdbc24fab34907d9a5725f73
  original:
    hackage: co-log-polysemy-0.0.1.2@sha256:a6ea6103f5ca806dc16bcdbb666ee2ebafdbbf36a9626f33103105a41a55d561,3645
- completed:
    hackage: compact-0.2.0.0@sha256:9c5785bdc178ea6cf8f514ad35a78c64220e3cdb22216534e4cf496765551c7e,2345
    pantry-tree:
      size: 546
      sha256: 6f7da573fbcddc109e1521edc07f1b34d7506473a3930074453e829daf901d71
  original:
    hackage: compact-0.2.0.0@sha256:9c5785bdc178ea6cf8f514ad35a78c64220e3cdb22216534e4cf496765551c7e,2345
- completed:
    hackage: composite-base-0.7.4.0@sha256:67aa445d067f7d58aaa3bc7445d9c56f1f63484a5929a8a3a4d15f5c656fa45e,2952
    pantry-tree:
      size: 604
      sha256: d8f6d56353932bce29e5aea8d8df85158b282612c2383e6e7ff4273c7f2c3705
  original:
    hackage: composite-base-0.7.4.0@sha256:67aa445d067f7d58aaa3bc7445d9c56f1f63484a5929a8a3a4d15f5c656fa45e,2952
- completed:
    hackage: path-dhall-instance-0.2.1.0@sha256:57820fdc8b8e60626c06a92bfabe970455db70a04b0b5b5cf43bfd20cb3ca030,803
    pantry-tree:
      size: 274
      sha256: 85601f4a63e8b2e243789009ac43b56fdf435f25ec1a505763e896457f942419
  original:
    hackage: path-dhall-instance-0.2.1.0@sha256:57820fdc8b8e60626c06a92bfabe970455db70a04b0b5b5cf43bfd20cb3ca030,803
- completed:
    hackage: polysemy-1.4.0.0@sha256:0245a046eaf936557d4208b5a355df1a20799c9e274f91fa889ab2644ecbabae,6541
    pantry-tree:
      size: 4379
      sha256: babfd86f145bc6017f7b8c20e46266ab3a3bb5d5d415d8cf651036b11e57465a
  original:
    hackage: polysemy-1.4.0.0@sha256:0245a046eaf936557d4208b5a355df1a20799c9e274f91fa889ab2644ecbabae,6541
- completed:
    hackage: polysemy-extra-0.1.7.0@sha256:d20385c4a414509653ce629e8c844b58d3b9e56c1cfbb4d41a3dd43a1849e05e,991
    pantry-tree:
      size: 274
      sha256: eae6c2579980952aae62d4005a51e3251851cdf2046f0803a99b6a6039489d92
  original:
    hackage: polysemy-extra-0.1.7.0@sha256:d20385c4a414509653ce629e8c844b58d3b9e56c1cfbb4d41a3dd43a1849e05e,991
- completed:
    hackage: polysemy-fs-0.1.0.0@sha256:6027628e5009699e7948efc2b8320a2d5e3f0c9976587da82202d2418dfc604b,898
    pantry-tree:
      size: 267
      sha256: 06e6b8e30ae3a3a04b4aadaa2cbdc38a386dbcbf3253001e6ed5f7ac2ae15d73
  original:
    hackage: polysemy-fs-0.1.0.0@sha256:6027628e5009699e7948efc2b8320a2d5e3f0c9976587da82202d2418dfc604b,898
- completed:
    hackage: polysemy-methodology-0.1.7.0@sha256:07859e4e2ebc7ae430eb2ea1888ddb29bb706341c24544e0dc82e270c9fdadb2,993
    pantry-tree:
      size: 287
      sha256: 8cbb0bdf133f4e3e36f993ec5ab02aa5ed92f0f48fea6027b41b7fd3ae1555fd
  original:
    hackage: polysemy-methodology-0.1.7.0@sha256:07859e4e2ebc7ae430eb2ea1888ddb29bb706341c24544e0dc82e270c9fdadb2,993
- completed:
    hackage: polysemy-methodology-composite-0.1.4.0@sha256:f895925000f9050d75f896851cd55f6accfa4a5fafa47013b5edae6a2f87f503,1144
    pantry-tree:
      size: 307
      sha256: 1675181a1e6db5ff250b4f4c45c4919c0dd50b1cd69fe5bc3ea3aff20da6b047
  original:
    hackage: polysemy-methodology-composite-0.1.4.0@sha256:f895925000f9050d75f896851cd55f6accfa4a5fafa47013b5edae6a2f87f503,1144
- completed:
    hackage: polysemy-plugin-0.2.5.2@sha256:649cea55749c38af841e9f3750ccf65be351e597f3085234e28e3491e78d1f78,3155
    pantry-tree:
      size: 1162
      sha256: 20b462f8095a8108ef4d920f0d494ba1299821403ad30169168f4b1968b06c2a
  original:
    hackage: polysemy-plugin-0.2.5.2@sha256:649cea55749c38af841e9f3750ccf65be351e597f3085234e28e3491e78d1f78,3155
- completed:
    hackage: polysemy-vinyl-0.1.4.0@sha256:e56a1a978a9321ceb45fb45af93c49da9c39e940c1e8f38890467b49e0a2c238,1042
    pantry-tree:
      size: 273
      sha256: 2c51107733c84461c83a6b858c1d47bc72a5d2dc3e8d331b24bd0355e51508f6
  original:
    hackage: polysemy-vinyl-0.1.4.0@sha256:e56a1a978a9321ceb45fb45af93c49da9c39e940c1e8f38890467b49e0a2c238,1042
- completed:
    hackage: polysemy-zoo-0.7.0.1@sha256:60c2921df95f61d43222a75adde4f330e9510320b416132838a354cd81b4bcc5,3846
    pantry-tree:
      size: 2979
      sha256: af39e295a7831e6bca01fa78df6c538cb6f1dfb339d118056fd0d9c314925726
  original:
    hackage: polysemy-zoo-0.7.0.1@sha256:60c2921df95f61d43222a75adde4f330e9510320b416132838a354cd81b4bcc5,3846
- completed:
    hackage: unliftio-path-0.0.2.0@sha256:cf4b02640b99831004853e8fc9f9ff922514d08a24ea36e09e8e7a77b250bc80,787
    pantry-tree:
      size: 281
      sha256: 96fc899a5d4935c5eb8075e5f65a2c5eb046282ad9aac0fadcb3cbad9bdca164
  original:
    hackage: unliftio-path-0.0.2.0@sha256:cf4b02640b99831004853e8fc9f9ff922514d08a24ea36e09e8e7a77b250bc80,787
snapshots:
- completed:
    size: 556553
    url: https://raw.githubusercontent.com/commercialhaskell/stackage-snapshots/master/nightly/2020/12/7.yaml
    sha256: f52a57e6396150023b94005171a81c298457ac8785da76591c02f50ebdfd0b7c
  original: nightly-2020-12-07
