# This file was autogenerated by Stack.
# You should not edit this file by hand.
# For more information, please see the documentation at:
#   https://docs.haskellstack.org/en/stable/lock_files

packages:
- completed:
    hackage: composite-dhall-0.0.1.0@sha256:11b6d8e70eff854d44056695509bf6737352a5c3e6e8ce71b03e9d11630c719a,1015
    pantry-tree:
      size: 276
      sha256: d757c65876f350d82236ae8037c973adc69a22624475764a156ba122cdf48175
  original:
    hackage: composite-dhall-0.0.1.0
- completed:
    hackage: co-log-polysemy-0.0.1.2@sha256:a6ea6103f5ca806dc16bcdbb666ee2ebafdbbf36a9626f33103105a41a55d561,3645
    pantry-tree:
      size: 400
      sha256: 56ddcbaf126c9e557d7e1336c6d1a9044567676dcdbc24fab34907d9a5725f73
  original:
    hackage: co-log-polysemy-0.0.1.2
- completed:
    hackage: co-log-core-0.2.1.1@sha256:1209cb589cf431c640f79d63b38b6cc8912a9f8397502b8c13e0959b13212bd6,3574
    pantry-tree:
      size: 584
      sha256: f893bd4a8cc16ca1fdd1f6dedefd2239d261c0f926eafb444d01364d5898a0e2
  original:
    hackage: co-log-core-0.2.1.1
- completed:
    hackage: chassis-0.0.5.0@sha256:45b5d071c857f4c980d6fb143bbc9dcd596afb1f812f2759b7d23479b045c145,1018
    pantry-tree:
      size: 260
      sha256: 25edeaab6a1097cac0729cf4c759483e7b086565243df62ebe129ea6126bf7e3
  original:
    hackage: chassis-0.0.5.0
- completed:
    subdir: composite-base
    name: composite-base
    version: 0.7.5.0
    git: https://github.com/locallycompact/composite
    pantry-tree:
      size: 708
      sha256: 8a544421edc54347fc80c43af4e3c5f238f610ef23c0d16852ca4ba9d59d3103
    commit: 5644183439960e63d06ef8ec5e85c25356c6b1fc
  original:
    subdir: composite-base
    git: https://github.com/locallycompact/composite
    commit: 5644183439960e63d06ef8ec5e85c25356c6b1fc
- completed:
    hackage: polysemy-several-0.1.0.0@sha256:7a4c612116d9ccc2b707d8b95e633c8937e6b018b990c1284fd1949887bfdc50,1029
    pantry-tree:
      size: 277
      sha256: 78913107148e709aeb2efc0d86c725087ddd91241bc5764b298829e917793c2e
  original:
    hackage: polysemy-several-0.1.0.0
- completed:
    hackage: polysemy-path-0.2.1.0@sha256:e17eac27a98783bd09b5cdfd7a28f8e98ce95357bfd03a7c6b2e2c9d8b823250,989
    pantry-tree:
      size: 270
      sha256: 453955f805c5b9366fcdde0f4af9a00cd9d030a7a40e523c4e9fc47fe1327753
  original:
    hackage: polysemy-path-0.2.1.0
- completed:
    hackage: polysemy-methodology-0.2.0.0@sha256:0c0ae50d0500e5be46e59dea27df1d815e242277d992fca5d14e67403ef60446,1059
    pantry-tree:
      size: 289
      sha256: 6806d8fa46c0cf3b4c92c0be9f0678bac0587aac1cf26fc53613bc7ef372c8af
  original:
    hackage: polysemy-methodology-0.2.0.0
- completed:
    hackage: polysemy-methodology-composite-0.1.4.0@sha256:f895925000f9050d75f896851cd55f6accfa4a5fafa47013b5edae6a2f87f503,1144
    pantry-tree:
      size: 307
      sha256: 1675181a1e6db5ff250b4f4c45c4919c0dd50b1cd69fe5bc3ea3aff20da6b047
  original:
    hackage: polysemy-methodology-composite-0.1.4.0
snapshots:
- completed:
    size: 567260
    url: https://raw.githubusercontent.com/commercialhaskell/stackage-snapshots/master/nightly/2021/7/23.yaml
    sha256: 94c5e73c2221ce53348504de8916c960a78a97bdc6ff0921200a42773694bd7c
  original: nightly-2021-07-23
